
Microsoft Visual Studio Solution File, Format Version 12.00
# Visual Studio Version 17
VisualStudioVersion = 17.3.32819.101
MinimumVisualStudioVersion = 10.0.40219.1
Project("{9A19103F-16F7-4668-BE54-9A1E7A4F7556}") = "QuoteCalculator.API", "QuoteCalculator.API\QuoteCalculator.API.csproj", "{80D4FA83-7939-4F6D-B4F3-17FF5FBCE94A}"
EndProject
Project("{9A19103F-16F7-4668-BE54-9A1E7A4F7556}") = "Domain", "Domain\Domain.csproj", "{3E2F98A6-914E-4763-BDEC-0D80E0C079A5}"
EndProject
Project("{9A19103F-16F7-4668-BE54-9A1E7A4F7556}") = "DataAccess", "DataAccess\DataAccess.csproj", "{F066D54F-E468-40CD-8C2F-67EE101737DE}"
EndProject
Project("{9A19103F-16F7-4668-BE54-9A1E7A4F7556}") = "Service", "Service\Service.csproj", "{132A80CC-F283-4F48-A3F8-08998AC25FDC}"
EndProject
Project("{FAE04EC0-301F-11D3-BF4B-00C04F79EFBC}") = "Tests", "Tests\Tests.csproj", "{161A87C5-C818-43A9-AC33-67D8086FD617}"
EndProject
Global
	GlobalSection(SolutionConfigurationPlatforms) = preSolution
		Debug|Any CPU = Debug|Any CPU
		Release|Any CPU = Release|Any CPU
	EndGlobalSection
	GlobalSection(ProjectConfigurationPlatforms) = postSolution
		{80D4FA83-7939-4F6D-B4F3-17FF5FBCE94A}.Debug|Any CPU.ActiveCfg = Debug|Any CPU
		{80D4FA83-7939-4F6D-B4F3-17FF5FBCE94A}.Debug|Any CPU.Build.0 = Debug|Any CPU
		{80D4FA83-7939-4F6D-B4F3-17FF5FBCE94A}.Release|Any CPU.ActiveCfg = Release|Any CPU
		{80D4FA83-7939-4F6D-B4F3-17FF5FBCE94A}.Release|Any CPU.Build.0 = Release|Any CPU
		{3E2F98A6-914E-4763-BDEC-0D80E0C079A5}.Debug|Any CPU.ActiveCfg = Debug|Any CPU
		{3E2F98A6-914E-4763-BDEC-0D80E0C079A5}.Debug|Any CPU.Build.0 = Debug|Any CPU
		{3E2F98A6-914E-4763-BDEC-0D80E0C079A5}.Release|Any CPU.ActiveCfg = Release|Any CPU
		{3E2F98A6-914E-4763-BDEC-0D80E0C079A5}.Release|Any CPU.Build.0 = Release|Any CPU
		{F066D54F-E468-40CD-8C2F-67EE101737DE}.Debug|Any CPU.ActiveCfg = Debug|Any CPU
		{F066D54F-E468-40CD-8C2F-67EE101737DE}.Debug|Any CPU.Build.0 = Debug|Any CPU
		{F066D54F-E468-40CD-8C2F-67EE101737DE}.Release|Any CPU.ActiveCfg = Release|Any CPU
		{F066D54F-E468-40CD-8C2F-67EE101737DE}.Release|Any CPU.Build.0 = Release|Any CPU
		{132A80CC-F283-4F48-A3F8-08998AC25FDC}.Debug|Any CPU.ActiveCfg = Debug|Any CPU
		{132A80CC-F283-4F48-A3F8-08998AC25FDC}.Debug|Any CPU.Build.0 = Debug|Any CPU
		{132A80CC-F283-4F48-A3F8-08998AC25FDC}.Release|Any CPU.ActiveCfg = Release|Any CPU
		{132A80CC-F283-4F48-A3F8-08998AC25FDC}.Release|Any CPU.Build.0 = Release|Any CPU
		{161A87C5-C818-43A9-AC33-67D8086FD617}.Debug|Any CPU.ActiveCfg = Debug|Any CPU
		{161A87C5-C818-43A9-AC33-67D8086FD617}.Debug|Any CPU.Build.0 = Debug|Any CPU
		{161A87C5-C818-43A9-AC33-67D8086FD617}.Release|Any CPU.ActiveCfg = Release|Any CPU
		{161A87C5-C818-43A9-AC33-67D8086FD617}.Release|Any CPU.Build.0 = Release|Any CPU
	EndGlobalSection
	GlobalSection(SolutionProperties) = preSolution
		HideSolutionNode = FALSE
	EndGlobalSection
	GlobalSection(ExtensibilityGlobals) = postSolution
		SolutionGuid = {8437684C-DD4A-42E4-8451-E5137313C88B}
	EndGlobalSection
EndGlobal
